
Microsoft Visual Studio Solution File, Format Version 12.00
# Visual Studio 14
VisualStudioVersion = 14.0.25420.1
MinimumVisualStudioVersion = 10.0.40219.1
Project("{FAE04EC0-301F-11D3-BF4B-00C04F79EFBC}") = "AutoList.Client", "AutoList.Client\AutoList.Client.csproj", "{7131013C-7370-4B12-8A5F-15239F4B078B}"
EndProject
Project("{FAE04EC0-301F-11D3-BF4B-00C04F79EFBC}") = "AutoList.Control", "AutoList.Control\AutoList.Control.csproj", "{883F3615-FE08-4D25-8435-EA506DE23AAD}"
EndProject
Project("{FAE04EC0-301F-11D3-BF4B-00C04F79EFBC}") = "AutoList.Base", "AutoList.Extension\AutoList.Base.csproj", "{51F969A8-C226-41BC-A752-A446C20ADA3F}"
EndProject
Project("{FAE04EC0-301F-11D3-BF4B-00C04F79EFBC}") = "AutoList.Excel", "AutoList.Excel\AutoList.Excel.csproj", "{E80805C0-35E3-46E0-A239-E81542A38A32}"
EndProject
Global
	GlobalSection(SolutionConfigurationPlatforms) = preSolution
		Debug|Any CPU = Debug|Any CPU
		Debug|Mixed Platforms = Debug|Mixed Platforms
		Debug|x86 = Debug|x86
		Release|Any CPU = Release|Any CPU
		Release|Mixed Platforms = Release|Mixed Platforms
		Release|x86 = Release|x86
	EndGlobalSection
	GlobalSection(ProjectConfigurationPlatforms) = postSolution
		{7131013C-7370-4B12-8A5F-15239F4B078B}.Debug|Any CPU.ActiveCfg = Debug|Any CPU
		{7131013C-7370-4B12-8A5F-15239F4B078B}.Debug|Any CPU.Build.0 = Debug|Any CPU
		{7131013C-7370-4B12-8A5F-15239F4B078B}.Debug|Mixed Platforms.ActiveCfg = Debug|Any CPU
		{7131013C-7370-4B12-8A5F-15239F4B078B}.Debug|Mixed Platforms.Build.0 = Debug|Any CPU
		{7131013C-7370-4B12-8A5F-15239F4B078B}.Debug|x86.ActiveCfg = Debug|x86
		{7131013C-7370-4B12-8A5F-15239F4B078B}.Debug|x86.Build.0 = Debug|x86
		{7131013C-7370-4B12-8A5F-15239F4B078B}.Release|Any CPU.ActiveCfg = Release|x86
		{7131013C-7370-4B12-8A5F-15239F4B078B}.Release|Mixed Platforms.ActiveCfg = Release|x86
		{7131013C-7370-4B12-8A5F-15239F4B078B}.Release|Mixed Platforms.Build.0 = Release|x86
		{7131013C-7370-4B12-8A5F-15239F4B078B}.Release|x86.ActiveCfg = Release|x86
		{7131013C-7370-4B12-8A5F-15239F4B078B}.Release|x86.Build.0 = Release|x86
		{883F3615-FE08-4D25-8435-EA506DE23AAD}.Debug|Any CPU.ActiveCfg = Debug|Any CPU
		{883F3615-FE08-4D25-8435-EA506DE23AAD}.Debug|Any CPU.Build.0 = Debug|Any CPU
		{883F3615-FE08-4D25-8435-EA506DE23AAD}.Debug|Mixed Platforms.ActiveCfg = Debug|Any CPU
		{883F3615-FE08-4D25-8435-EA506DE23AAD}.Debug|Mixed Platforms.Build.0 = Debug|Any CPU
		{883F3615-FE08-4D25-8435-EA506DE23AAD}.Debug|x86.ActiveCfg = Debug|Any CPU
		{883F3615-FE08-4D25-8435-EA506DE23AAD}.Release|Any CPU.ActiveCfg = Release|Any CPU
		{883F3615-FE08-4D25-8435-EA506DE23AAD}.Release|Any CPU.Build.0 = Release|Any CPU
		{883F3615-FE08-4D25-8435-EA506DE23AAD}.Release|Mixed Platforms.ActiveCfg = Release|Any CPU
		{883F3615-FE08-4D25-8435-EA506DE23AAD}.Release|Mixed Platforms.Build.0 = Release|Any CPU
		{883F3615-FE08-4D25-8435-EA506DE23AAD}.Release|x86.ActiveCfg = Release|Any CPU
		{51F969A8-C226-41BC-A752-A446C20ADA3F}.Debug|Any CPU.ActiveCfg = Debug|Any CPU
		{51F969A8-C226-41BC-A752-A446C20ADA3F}.Debug|Any CPU.Build.0 = Debug|Any CPU
		{51F969A8-C226-41BC-A752-A446C20ADA3F}.Debug|Mixed Platforms.ActiveCfg = Debug|Any CPU
		{51F969A8-C226-41BC-A752-A446C20ADA3F}.Debug|Mixed Platforms.Build.0 = Debug|Any CPU
		{51F969A8-C226-41BC-A752-A446C20ADA3F}.Debug|x86.ActiveCfg = Debug|Any CPU
		{51F969A8-C226-41BC-A752-A446C20ADA3F}.Release|Any CPU.ActiveCfg = Release|Any CPU
		{51F969A8-C226-41BC-A752-A446C20ADA3F}.Release|Any CPU.Build.0 = Release|Any CPU
		{51F969A8-C226-41BC-A752-A446C20ADA3F}.Release|Mixed Platforms.ActiveCfg = Release|Any CPU
		{51F969A8-C226-41BC-A752-A446C20ADA3F}.Release|Mixed Platforms.Build.0 = Release|Any CPU
		{51F969A8-C226-41BC-A752-A446C20ADA3F}.Release|x86.ActiveCfg = Release|Any CPU
		{E80805C0-35E3-46E0-A239-E81542A38A32}.Debug|Any CPU.ActiveCfg = Debug|Any CPU
		{E80805C0-35E3-46E0-A239-E81542A38A32}.Debug|Any CPU.Build.0 = Debug|Any CPU
		{E80805C0-35E3-46E0-A239-E81542A38A32}.Debug|Mixed Platforms.ActiveCfg = Debug|Any CPU
		{E80805C0-35E3-46E0-A239-E81542A38A32}.Debug|Mixed Platforms.Build.0 = Debug|Any CPU
		{E80805C0-35E3-46E0-A239-E81542A38A32}.Debug|x86.ActiveCfg = Debug|Any CPU
		{E80805C0-35E3-46E0-A239-E81542A38A32}.Release|Any CPU.ActiveCfg = Release|Any CPU
		{E80805C0-35E3-46E0-A239-E81542A38A32}.Release|Any CPU.Build.0 = Release|Any CPU
		{E80805C0-35E3-46E0-A239-E81542A38A32}.Release|Mixed Platforms.ActiveCfg = Release|Any CPU
		{E80805C0-35E3-46E0-A239-E81542A38A32}.Release|Mixed Platforms.Build.0 = Release|Any CPU
		{E80805C0-35E3-46E0-A239-E81542A38A32}.Release|x86.ActiveCfg = Release|Any CPU
	EndGlobalSection
	GlobalSection(SolutionProperties) = preSolution
		HideSolutionNode = FALSE
	EndGlobalSection	
EndGlobal
